PODS:
  - NavigationTransitionController (0.0.1)

DEPENDENCIES:
  - NavigationTransitionController (from `../`)

EXTERNAL SOURCES:
  NavigationTransitionController:
    :path: "../"

SPEC CHECKSUMS:
  NavigationTransitionController: 185fde480eed1395e10472412cf052bb2ad1afaa

PODFILE CHECKSUM: e316e7919d741c3678f879d0a3b1693dc9664f8d

COCOAPODS: 1.10.0
